
Microsoft Visual Studio Solution File, Format Version 12.00
# Visual Studio Version 16
VisualStudioVersion = 16.0.30804.86
MinimumVisualStudioVersion = 10.0.40219.1
Project("{FAE04EC0-301F-11D3-BF4B-00C04F79EFBC}") = "OPCUAMock", "OPCUAMock\OPCUAMock.csproj", "{E44859B8-110F-4DBD-BF11-D9CC1893813A}"
EndProject
Global
	GlobalSection(SolutionConfigurationPlatforms) = preSolution
		Debug|Any CPU = Debug|Any CPU
		Release|Any CPU = Release|Any CPU
	EndGlobalSection
	GlobalSection(ProjectConfigurationPlatforms) = postSolution
		{E44859B8-110F-4DBD-BF11-D9CC1893813A}.Debug|Any CPU.ActiveCfg = Debug|Any CPU
		{E44859B8-110F-4DBD-BF11-D9CC1893813A}.Debug|Any CPU.Build.0 = Debug|Any CPU
		{E44859B8-110F-4DBD-BF11-D9CC1893813A}.Release|Any CPU.ActiveCfg = Release|Any CPU
		{E44859B8-110F-4DBD-BF11-D9CC1893813A}.Release|Any CPU.Build.0 = Release|Any CPU
	EndGlobalSection
	GlobalSection(SolutionProperties) = preSolution
		HideSolutionNode = FALSE
	EndGlobalSection
	GlobalSection(ExtensibilityGlobals) = postSolution
		SolutionGuid = {2A78A511-F875-4143-A264-312835E75ACC}
	EndGlobalSection
EndGlobal
